
Microsoft Visual Studio Solution File, Format Version 12.00
# Visual Studio 14
VisualStudioVersion = 14.0.24720.0
MinimumVisualStudioVersion = 10.0.40219.1
Project("{2150E333-8FDC-42A3-9474-1A3956D46DE8}") = "Solution Items", "Solution Items", "{2DF215F2-2B1D-4D5B-9DE1-B8E0410DCF8E}"
	ProjectSection(SolutionItems) = preProject
		global.json = global.json
	EndProjectSection
EndProject
Project("{8BB2217D-0F2D-49D1-97BC-3654ED321F3B}") = "WebSample", "WebSample\WebSample.xproj", "{EEE8F0D0-6B26-4899-9F03-708E857186EA}"
EndProject
Project("{FAE04EC0-301F-11D3-BF4B-00C04F79EFBC}") = "InMemoryStore", "InMemoryStore\InMemoryStore.csproj", "{020CD9E4-78BB-4517-AEBA-AE225ACE127B}"
EndProject
Project("{FAE04EC0-301F-11D3-BF4B-00C04F79EFBC}") = "X509ProtectedFileSystemNoDI", "X509ProtectedFileSystemNoDI\X509ProtectedFileSystemNoDI.csproj", "{00D122DE-556A-41F5-9FF9-C5D48B8375C8}"
EndProject
Project("{FAE04EC0-301F-11D3-BF4B-00C04F79EFBC}") = "SimpleFileSystemNoDI", "SimpleFileSystemNoDI\SimpleFileSystemNoDI.csproj", "{BEC48665-9FD5-4724-9F54-98F1DA1E4BCD}"
EndProject
Project("{FAE04EC0-301F-11D3-BF4B-00C04F79EFBC}") = "DpapiProtectedFileSystemNoDi", "DpapiProtectedFileSystemNoDi\DpapiProtectedFileSystemNoDi.csproj", "{7D1E2370-FB20-4540-8592-D4C0F73F493A}"
EndProject
Global
	GlobalSection(SolutionConfigurationPlatforms) = preSolution
		Debug|Any CPU = Debug|Any CPU
		Release|Any CPU = Release|Any CPU
	EndGlobalSection
	GlobalSection(ProjectConfigurationPlatforms) = postSolution
		{EEE8F0D0-6B26-4899-9F03-708E857186EA}.Debug|Any CPU.ActiveCfg = Debug|Any CPU
		{EEE8F0D0-6B26-4899-9F03-708E857186EA}.Debug|Any CPU.Build.0 = Debug|Any CPU
		{EEE8F0D0-6B26-4899-9F03-708E857186EA}.Release|Any CPU.ActiveCfg = Release|Any CPU
		{EEE8F0D0-6B26-4899-9F03-708E857186EA}.Release|Any CPU.Build.0 = Release|Any CPU
		{020CD9E4-78BB-4517-AEBA-AE225ACE127B}.Debug|Any CPU.ActiveCfg = Debug|Any CPU
		{020CD9E4-78BB-4517-AEBA-AE225ACE127B}.Debug|Any CPU.Build.0 = Debug|Any CPU
		{020CD9E4-78BB-4517-AEBA-AE225ACE127B}.Release|Any CPU.ActiveCfg = Release|Any CPU
		{020CD9E4-78BB-4517-AEBA-AE225ACE127B}.Release|Any CPU.Build.0 = Release|Any CPU
		{00D122DE-556A-41F5-9FF9-C5D48B8375C8}.Debug|Any CPU.ActiveCfg = Debug|Any CPU
		{00D122DE-556A-41F5-9FF9-C5D48B8375C8}.Debug|Any CPU.Build.0 = Debug|Any CPU
		{00D122DE-556A-41F5-9FF9-C5D48B8375C8}.Release|Any CPU.ActiveCfg = Release|Any CPU
		{00D122DE-556A-41F5-9FF9-C5D48B8375C8}.Release|Any CPU.Build.0 = Release|Any CPU
		{BEC48665-9FD5-4724-9F54-98F1DA1E4BCD}.Debug|Any CPU.ActiveCfg = Debug|Any CPU
		{BEC48665-9FD5-4724-9F54-98F1DA1E4BCD}.Debug|Any CPU.Build.0 = Debug|Any CPU
		{BEC48665-9FD5-4724-9F54-98F1DA1E4BCD}.Release|Any CPU.ActiveCfg = Release|Any CPU
		{BEC48665-9FD5-4724-9F54-98F1DA1E4BCD}.Release|Any CPU.Build.0 = Release|Any CPU
		{7D1E2370-FB20-4540-8592-D4C0F73F493A}.Debug|Any CPU.ActiveCfg = Debug|Any CPU
		{7D1E2370-FB20-4540-8592-D4C0F73F493A}.Debug|Any CPU.Build.0 = Debug|Any CPU
		{7D1E2370-FB20-4540-8592-D4C0F73F493A}.Release|Any CPU.ActiveCfg = Release|Any CPU
		{7D1E2370-FB20-4540-8592-D4C0F73F493A}.Release|Any CPU.Build.0 = Release|Any CPU
	EndGlobalSection
	GlobalSection(SolutionProperties) = preSolution
		HideSolutionNode = FALSE
	EndGlobalSection
EndGlobal
